// !$*UTF8*$!
{
	archiveVersion = 1;
	classes = {
	};
	objectVersion = 50;
	objects = {

/* Begin PBXBuildFile section */
		8A1CDDF22245D58800FAE4B6 /* RandomGenerator.swift in Sources */ = {isa = PBXBuildFile; fileRef = 8A1CDDF12245D58800FAE4B6 /* RandomGenerator.swift */; };
		8A2325AC222E30240055F1B6 /* AppDelegate.swift in Sources */ = {isa = PBXBuildFile; fileRef = 8A2325AB222E30240055F1B6 /* AppDelegate.swift */; };
		8A2325AE222E30240055F1B6 /* ViewController.swift in Sources */ = {isa = PBXBuildFile; fileRef = 8A2325AD222E30240055F1B6 /* ViewController.swift */; };
		8A2325B1222E30240055F1B6 /* Main.storyboard in Resources */ = {isa = PBXBuildFile; fileRef = 8A2325AF222E30240055F1B6 /* Main.storyboard */; };
		8A2325B3222E30270055F1B6 /* Assets.xcassets in Resources */ = {isa = PBXBuildFile; fileRef = 8A2325B2222E30270055F1B6 /* Assets.xcassets */; };
		8A2325B6222E30270055F1B6 /* LaunchScreen.storyboard in Resources */ = {isa = PBXBuildFile; fileRef = 8A2325B4222E30270055F1B6 /* LaunchScreen.storyboard */; };
		8A75262822513830000FC3A6 /* firstNames.plist in Resources */ = {isa = PBXBuildFile; fileRef = 8A75262722513830000FC3A6 /* firstNames.plist */; };
		8A75262A22513845000FC3A6 /* lastNames.plist in Resources */ = {isa = PBXBuildFile; fileRef = 8A75262922513845000FC3A6 /* lastNames.plist */; };
		8A75262C22514694000FC3A6 /* states.plist in Resources */ = {isa = PBXBuildFile; fileRef = 8A75262B22514694000FC3A6 /* states.plist */; };
		8A75262E22514E72000FC3A6 /* streetTypes.plist in Resources */ = {isa = PBXBuildFile; fileRef = 8A75262D22514E72000FC3A6 /* streetTypes.plist */; };
		8A75263022514F8A000FC3A6 /* streetNames.plist in Resources */ = {isa = PBXBuildFile; fileRef = 8A75262F22514F89000FC3A6 /* streetNames.plist */; };
		8A7526322251C1F4000FC3A6 /* cities.plist in Resources */ = {isa = PBXBuildFile; fileRef = 8A7526312251C1F4000FC3A6 /* cities.plist */; };
		8A8C18F12264236D00735FAE /* PassStructs.swift in Sources */ = {isa = PBXBuildFile; fileRef = 8A8C18F02264236D00735FAE /* PassStructs.swift */; };
		8A8C18F3226429AE00735FAE /* ConsolePrinter.swift in Sources */ = {isa = PBXBuildFile; fileRef = 8A8C18F2226429AE00735FAE /* ConsolePrinter.swift */; };
		8A8C6C4722EE8F6800FD4FD1 /* MenuButtonHandler.swift in Sources */ = {isa = PBXBuildFile; fileRef = 8A8C6C4622EE8F6800FD4FD1 /* MenuButtonHandler.swift */; };
		8AA52865225ED5460033A09C /* Protocols.swift in Sources */ = {isa = PBXBuildFile; fileRef = 8AA52864225ED5460033A09C /* Protocols.swift */; };
		8AA5286F225EDDCE0033A09C /* PassReaders.swift in Sources */ = {isa = PBXBuildFile; fileRef = 8AA5286E225EDDCE0033A09C /* PassReaders.swift */; };
/* End PBXBuildFile section */

/* Begin PBXFileReference section */
		8A1CDDF12245D58800FAE4B6 /* RandomGenerator.swift */ = {isa = PBXFileReference; lastKnownFileType = sourcecode.swift; path = RandomGenerator.swift; sourceTree = "<group>"; };
		8A2325A8222E30240055F1B6 /* AmusementParkPassGenerator.app */ = {isa = PBXFileReference; explicitFileType = wrapper.application; includeInIndex = 0; path = AmusementParkPassGenerator.app; sourceTree = BUILT_PRODUCTS_DIR; };
		8A2325AB222E30240055F1B6 /* AppDelegate.swift */ = {isa = PBXFileReference; lastKnownFileType = sourcecode.swift; path = AppDelegate.swift; sourceTree = "<group>"; };
		8A2325AD222E30240055F1B6 /* ViewController.swift */ = {isa = PBXFileReference; lastKnownFileType = sourcecode.swift; path = ViewController.swift; sourceTree = "<group>"; };
		8A2325B0222E30240055F1B6 /* Base */ = {isa = PBXFileReference; lastKnownFileType = file.storyboard; name = Base; path = Base.lproj/Main.storyboard; sourceTree = "<group>"; };
		8A2325B2222E30270055F1B6 /* Assets.xcassets */ = {isa = PBXFileReference; lastKnownFileType = folder.assetcatalog; path = Assets.xcassets; sourceTree = "<group>"; };
		8A2325B5222E30270055F1B6 /* Base */ = {isa = PBXFileReference; lastKnownFileType = file.storyboard; name = Base; path = Base.lproj/LaunchScreen.storyboard; sourceTree = "<group>"; };
		8A2325B7222E30270055F1B6 /* Info.plist */ = {isa = PBXFileReference; lastKnownFileType = text.plist.xml; path = Info.plist; sourceTree = "<group>"; };
		8A75262722513830000FC3A6 /* firstNames.plist */ = {isa = PBXFileReference; lastKnownFileType = text.plist.xml; path = firstNames.plist; sourceTree = "<group>"; };
		8A75262922513845000FC3A6 /* lastNames.plist */ = {isa = PBXFileReference; lastKnownFileType = text.plist.xml; path = lastNames.plist; sourceTree = "<group>"; };
		8A75262B22514694000FC3A6 /* states.plist */ = {isa = PBXFileReference; lastKnownFileType = text.plist.xml; path = states.plist; sourceTree = "<group>"; };
		8A75262D22514E72000FC3A6 /* streetTypes.plist */ = {isa = PBXFileReference; lastKnownFileType = text.plist.xml; path = streetTypes.plist; sourceTree = "<group>"; };
		8A75262F22514F89000FC3A6 /* streetNames.plist */ = {isa = PBXFileReference; lastKnownFileType = text.plist.xml; path = streetNames.plist; sourceTree = "<group>"; };
		8A7526312251C1F4000FC3A6 /* cities.plist */ = {isa = PBXFileReference; lastKnownFileType = text.plist.xml; path = cities.plist; sourceTree = "<group>"; };
		8A8C18F02264236D00735FAE /* PassStructs.swift */ = {isa = PBXFileReference; lastKnownFileType = sourcecode.swift; path = PassStructs.swift; sourceTree = "<group>"; };
		8A8C18F2226429AE00735FAE /* ConsolePrinter.swift */ = {isa = PBXFileReference; lastKnownFileType = sourcecode.swift; path = ConsolePrinter.swift; sourceTree = "<group>"; };
		8A8C6C4622EE8F6800FD4FD1 /* MenuButtonHandler.swift */ = {isa = PBXFileReference; lastKnownFileType = sourcecode.swift; path = MenuButtonHandler.swift; sourceTree = "<group>"; };
		8AA52864225ED5460033A09C /* Protocols.swift */ = {isa = PBXFileReference; lastKnownFileType = sourcecode.swift; path = Protocols.swift; sourceTree = "<group>"; };
		8AA5286E225EDDCE0033A09C /* PassReaders.swift */ = {isa = PBXFileReference; lastKnownFileType = sourcecode.swift; path = PassReaders.swift; sourceTree = "<group>"; };
/* End PBXFileReference section */

/* Begin PBXFrameworksBuildPhase section */
		8A2325A5222E30240055F1B6 /* Frameworks */ = {
			isa = PBXFrameworksBuildPhase;
			buildActionMask = 2147483647;
			files = (
			);
			runOnlyForDeploymentPostprocessing = 0;
		};
/* End PBXFrameworksBuildPhase section */

/* Begin PBXGroup section */
		8A23259F222E30240055F1B6 = {
			isa = PBXGroup;
			children = (
				8A2325AA222E30240055F1B6 /* AmusementParkPassGenerator */,
				8A2325A9222E30240055F1B6 /* Products */,
			);
			sourceTree = "<group>";
		};
		8A2325A9222E30240055F1B6 /* Products */ = {
			isa = PBXGroup;
			children = (
				8A2325A8222E30240055F1B6 /* AmusementParkPassGenerator.app */,
			);
			name = Products;
			sourceTree = "<group>";
		};
		8A2325AA222E30240055F1B6 /* AmusementParkPassGenerator */ = {
			isa = PBXGroup;
			children = (
				8A2325AB222E30240055F1B6 /* AppDelegate.swift */,
				8AA52864225ED5460033A09C /* Protocols.swift */,
				8AA5286E225EDDCE0033A09C /* PassReaders.swift */,
				8A8C18F02264236D00735FAE /* PassStructs.swift */,
				8A1CDDF12245D58800FAE4B6 /* RandomGenerator.swift */,
				8A8C18F2226429AE00735FAE /* ConsolePrinter.swift */,
				8A2325AD222E30240055F1B6 /* ViewController.swift */,
				8A8C6C4622EE8F6800FD4FD1 /* MenuButtonHandler.swift */,
				8A2325AF222E30240055F1B6 /* Main.storyboard */,
				8A2325B2222E30270055F1B6 /* Assets.xcassets */,
				8A2325B4222E30270055F1B6 /* LaunchScreen.storyboard */,
				8A2325B7222E30270055F1B6 /* Info.plist */,
				8A75262722513830000FC3A6 /* firstNames.plist */,
				8A75262B22514694000FC3A6 /* states.plist */,
				8A75262922513845000FC3A6 /* lastNames.plist */,
				8A7526312251C1F4000FC3A6 /* cities.plist */,
				8A75262D22514E72000FC3A6 /* streetTypes.plist */,
				8A75262F22514F89000FC3A6 /* streetNames.plist */,
			);
			path = AmusementParkPassGenerator;
			sourceTree = "<group>";
		};
/* End PBXGroup section */

/* Begin PBXNativeTarget section */
		8A2325A7222E30240055F1B6 /* AmusementParkPassGenerator */ = {
			isa = PBXNativeTarget;
			buildConfigurationList = 8A2325BA222E30270055F1B6 /* Build configuration list for PBXNativeTarget "AmusementParkPassGenerator" */;
			buildPhases = (
				8A2325A4222E30240055F1B6 /* Sources */,
				8A2325A5222E30240055F1B6 /* Frameworks */,
				8A2325A6222E30240055F1B6 /* Resources */,
			);
			buildRules = (
			);
			dependencies = (
			);
			name = AmusementParkPassGenerator;
			productName = AmusementParkPassGenerator;
			productReference = 8A2325A8222E30240055F1B6 /* AmusementParkPassGenerator.app */;
			productType = "com.apple.product-type.application";
		};
/* End PBXNativeTarget section */

/* Begin PBXProject section */
		8A2325A0222E30240055F1B6 /* Project object */ = {
			isa = PBXProject;
			attributes = {
				LastSwiftUpdateCheck = 1010;
				LastUpgradeCheck = 1010;
				ORGANIZATIONNAME = nikko444;
				TargetAttributes = {
					8A2325A7222E30240055F1B6 = {
						CreatedOnToolsVersion = 10.1;
						LastSwiftMigration = 1030;
					};
				};
			};
			buildConfigurationList = 8A2325A3222E30240055F1B6 /* Build configuration list for PBXProject "AmusementParkPassGenerator" */;
			compatibilityVersion = "Xcode 9.3";
			developmentRegion = en;
			hasScannedForEncodings = 0;
			knownRegions = (
				en,
				Base,
			);
			mainGroup = 8A23259F222E30240055F1B6;
			productRefGroup = 8A2325A9222E30240055F1B6 /* Products */;
			projectDirPath = "";
			projectRoot = "";
			targets = (
				8A2325A7222E30240055F1B6 /* AmusementParkPassGenerator */,
			);
		};
/* End PBXProject section */

/* Begin PBXResourcesBuildPhase section */
		8A2325A6222E30240055F1B6 /* Resources */ = {
			isa = PBXResourcesBuildPhase;
			buildActionMask = 2147483647;
			files = (
				8A7526322251C1F4000FC3A6 /* cities.plist in Resources */,
				8A75262A22513845000FC3A6 /* lastNames.plist in Resources */,
				8A2325B6222E30270055F1B6 /* LaunchScreen.storyboard in Resources */,
				8A75262C22514694000FC3A6 /* states.plist in Resources */,
				8A2325B3222E30270055F1B6 /* Assets.xcassets in Resources */,
				8A75262822513830000FC3A6 /* firstNames.plist in Resources */,
				8A2325B1222E30240055F1B6 /* Main.storyboard in Resources */,
				8A75263022514F8A000FC3A6 /* streetNames.plist in Resources */,
				8A75262E22514E72000FC3A6 /* streetTypes.plist in Resources */,
			);
			runOnlyForDeploymentPostprocessing = 0;
		};
/* End PBXResourcesBuildPhase section */

/* Begin PBXSourcesBuildPhase section */
		8A2325A4222E30240055F1B6 /* Sources */ = {
			isa = PBXSourcesBuildPhase;
			buildActionMask = 2147483647;
			files = (
				8A2325AE222E30240055F1B6 /* ViewController.swift in Sources */,
				8A8C6C4722EE8F6800FD4FD1 /* MenuButtonHandler.swift in Sources */,
				8A2325AC222E30240055F1B6 /* AppDelegate.swift in Sources */,
				8A8C18F12264236D00735FAE /* PassStructs.swift in Sources */,
				8AA5286F225EDDCE0033A09C /* PassReaders.swift in Sources */,
				8AA52865225ED5460033A09C /* Protocols.swift in Sources */,
				8A8C18F3226429AE00735FAE /* ConsolePrinter.swift in Sources */,
				8A1CDDF22245D58800FAE4B6 /* RandomGenerator.swift in Sources */,
			);
			runOnlyForDeploymentPostprocessing = 0;
		};
/* End PBXSourcesBuildPhase section */

/* Begin PBXVariantGroup section */
		8A2325AF222E30240055F1B6 /* Main.storyboard */ = {
			isa = PBXVariantGroup;
			children = (
				8A2325B0222E30240055F1B6 /* Base */,
			);
			name = Main.storyboard;
			sourceTree = "<group>";
		};
		8A2325B4222E30270055F1B6 /* LaunchScreen.storyboard */ = {
			isa = PBXVariantGroup;
			children = (
				8A2325B5222E30270055F1B6 /* Base */,
			);
			name = LaunchScreen.storyboard;
			sourceTree = "<group>";
		};
/* End PBXVariantGroup section */

/* Begin XCBuildConfiguration section */
		8A2325B8222E30270055F1B6 /* Debug */ = {
			isa = XCBuildConfiguration;
			buildSettings = {
				ALWAYS_SEARCH_USER_PATHS = NO;
				CLANG_ANALYZER_NONNULL = YES;
				CLANG_ANALYZER_NUMBER_OBJECT_CONVERSION = YES_AGGRESSIVE;
				CLANG_CXX_LANGUAGE_STANDARD = "gnu++14";
				CLANG_CXX_LIBRARY = "libc++";
				CLANG_ENABLE_MODULES = YES;
				CLANG_ENABLE_OBJC_ARC = YES;
				CLANG_ENABLE_OBJC_WEAK = YES;
				CLANG_WARN_BLOCK_CAPTURE_AUTORELEASING = YES;
				CLANG_WARN_BOOL_CONVERSION = YES;
				CLANG_WARN_COMMA = YES;
				CLANG_WARN_CONSTANT_CONVERSION = YES;
				CLANG_WARN_DEPRECATED_OBJC_IMPLEMENTATIONS = YES;
				CLANG_WARN_DIRECT_OBJC_ISA_USAGE = YES_ERROR;
				CLANG_WARN_DOCUMENTATION_COMMENTS = YES;
				CLANG_WARN_EMPTY_BODY = YES;
				CLANG_WARN_ENUM_CONVERSION = YES;
				CLANG_WARN_INFINITE_RECURSION = YES;
				CLANG_WARN_INT_CONVERSION = YES;
				CLANG_WARN_NON_LITERAL_NULL_CONVERSION = YES;
				CLANG_WARN_OBJC_IMPLICIT_RETAIN_SELF = YES;
				CLANG_WARN_OBJC_LITERAL_CONVERSION = YES;
				CLANG_WARN_OBJC_ROOT_CLASS = YES_ERROR;
				CLANG_WARN_RANGE_LOOP_ANALYSIS = YES;
				CLANG_WARN_STRICT_PROTOTYPES = YES;
				CLANG_WARN_SUSPICIOUS_MOVE = YES;
				CLANG_WARN_UNGUARDED_AVAILABILITY = YES_AGGRESSIVE;
				CLANG_WARN_UNREACHABLE_CODE = YES;
				CLANG_WARN__DUPLICATE_METHOD_MATCH = YES;
				CODE_SIGN_IDENTITY = "iPhone Developer";
				COPY_PHASE_STRIP = NO;
				DEBUG_INFORMATION_FORMAT = dwarf;
				ENABLE_STRICT_OBJC_MSGSEND = YES;
				ENABLE_TESTABILITY = YES;
				GCC_C_LANGUAGE_STANDARD = gnu11;
				GCC_DYNAMIC_NO_PIC = NO;
				GCC_NO_COMMON_BLOCKS = YES;
				GCC_OPTIMIZATION_LEVEL = 0;
				GCC_PREPROCESSOR_DEFINITIONS = (
					"DEBUG=1",
					"$(inherited)",
				);
				GCC_WARN_64_TO_32_BIT_CONVERSION = YES;
				GCC_WARN_ABOUT_RETURN_TYPE = YES_ERROR;
				GCC_WARN_UNDECLARED_SELECTOR = YES;
				GCC_WARN_UNINITIALIZED_AUTOS = YES_AGGRESSIVE;
				GCC_WARN_UNUSED_FUNCTION = YES;
				GCC_WARN_UNUSED_VARIABLE = YES;
				IPHONEOS_DEPLOYMENT_TARGET = 12.1;
				MTL_ENABLE_DEBUG_INFO = INCLUDE_SOURCE;
				MTL_FAST_MATH = YES;
				ONLY_ACTIVE_ARCH = YES;
				SDKROOT = iphoneos;
				SWIFT_ACTIVE_COMPILATION_CONDITIONS = DEBUG;
				SWIFT_OPTIMIZATION_LEVEL = "-Onone";
			};
			name = Debug;
		};
		8A2325B9222E30270055F1B6 /* Release */ = {
			isa = XCBuildConfiguration;
			buildSettings = {
				ALWAYS_SEARCH_USER_PATHS = NO;
				CLANG_ANALYZER_NONNULL = YES;
				CLANG_ANALYZER_NUMBER_OBJECT_CONVERSION = YES_AGGRESSIVE;
				CLANG_CXX_LANGUAGE_STANDARD = "gnu++14";
				CLANG_CXX_LIBRARY = "libc++";
				CLANG_ENABLE_MODULES = YES;
				CLANG_ENABLE_OBJC_ARC = YES;
				CLANG_ENABLE_OBJC_WEAK = YES;
				CLANG_WARN_BLOCK_CAPTURE_AUTORELEASING = YES;
				CLANG_WARN_BOOL_CONVERSION = YES;
				CLANG_WARN_COMMA = YES;
				CLANG_WARN_CONSTANT_CONVERSION = YES;
				CLANG_WARN_DEPRECATED_OBJC_IMPLEMENTATIONS = YES;
				CLANG_WARN_DIRECT_OBJC_ISA_USAGE = YES_ERROR;
				CLANG_WARN_DOCUMENTATION_COMMENTS = YES;
				CLANG_WARN_EMPTY_BODY = YES;
				CLANG_WARN_ENUM_CONVERSION = YES;
				CLANG_WARN_INFINITE_RECURSION = YES;
				CLANG_WARN_INT_CONVERSION = YES;
				CLANG_WARN_NON_LITERAL_NULL_CONVERSION = YES;
				CLANG_WARN_OBJC_IMPLICIT_RETAIN_SELF = YES;
				CLANG_WARN_OBJC_LITERAL_CONVERSION = YES;
				CLANG_WARN_OBJC_ROOT_CLASS = YES_ERROR;
				CLANG_WARN_RANGE_LOOP_ANALYSIS = YES;
				CLANG_WARN_STRICT_PROTOTYPES = YES;
				CLANG_WARN_SUSPICIOUS_MOVE = YES;
				CLANG_WARN_UNGUARDED_AVAILABILITY = YES_AGGRESSIVE;
				CLANG_WARN_UNREACHABLE_CODE = YES;
				CLANG_WARN__DUPLICATE_METHOD_MATCH = YES;
				CODE_SIGN_IDENTITY = "iPhone Developer";
				COPY_PHASE_STRIP = NO;
				DEBUG_INFORMATION_FORMAT = "dwarf-with-dsym";
				ENABLE_NS_ASSERTIONS = NO;
				ENABLE_STRICT_OBJC_MSGSEND = YES;
				GCC_C_LANGUAGE_STANDARD = gnu11;
				GCC_NO_COMMON_BLOCKS = YES;
				GCC_WARN_64_TO_32_BIT_CONVERSION = YES;
				GCC_WARN_ABOUT_RETURN_TYPE = YES_ERROR;
				GCC_WARN_UNDECLARED_SELECTOR = YES;
				GCC_WARN_UNINITIALIZED_AUTOS = YES_AGGRESSIVE;
				GCC_WARN_UNUSED_FUNCTION = YES;
				GCC_WARN_UNUSED_VARIABLE = YES;
				IPHONEOS_DEPLOYMENT_TARGET = 12.1;
				MTL_ENABLE_DEBUG_INFO = NO;
				MTL_FAST_MATH = YES;
				SDKROOT = iphoneos;
				SWIFT_COMPILATION_MODE = wholemodule;
				SWIFT_OPTIMIZATION_LEVEL = "-O";
				VALIDATE_PRODUCT = YES;
			};
			name = Release;
		};
		8A2325BB222E30270055F1B6 /* Debug */ = {
			isa = XCBuildConfiguration;
			buildSettings = {
				ASSETCATALOG_COMPILER_APPICON_NAME = AppIcon;
				CODE_SIGN_STYLE = Automatic;
				DEVELOPMENT_TEAM = 9LVG3DYG48;
				INFOPLIST_FILE = AmusementParkPassGenerator/Info.plist;
				LD_RUNPATH_SEARCH_PATHS = (
					"$(inherited)",
					"@executable_path/Frameworks",
				);
				PRODUCT_BUNDLE_IDENTIFIER = com.nikko444.AmusementParkPassGenerator;
				PRODUCT_NAME = "$(TARGET_NAME)";
				SWIFT_VERSION = 5.0;
				TARGETED_DEVICE_FAMILY = "1,2";
			};
			name = Debug;
		};
		8A2325BC222E30270055F1B6 /* Release */ = {
			isa = XCBuildConfiguration;
			buildSettings = {
				ASSETCATALOG_COMPILER_APPICON_NAME = AppIcon;
				CODE_SIGN_STYLE = Automatic;
				DEVELOPMENT_TEAM = 9LVG3DYG48;
				INFOPLIST_FILE = AmusementParkPassGenerator/Info.plist;
				LD_RUNPATH_SEARCH_PATHS = (
					"$(inherited)",
					"@executable_path/Frameworks",
				);
				PRODUCT_BUNDLE_IDENTIFIER = com.nikko444.AmusementParkPassGenerator;
				PRODUCT_NAME = "$(TARGET_NAME)";
				SWIFT_VERSION = 5.0;
				TARGETED_DEVICE_FAMILY = "1,2";
			};
			name = Release;
		};
/* End XCBuildConfiguration section */

/* Begin XCConfigurationList section */
		8A2325A3222E30240055F1B6 /* Build configuration list for PBXProject "AmusementParkPassGenerator" */ = {
			isa = XCConfigurationList;
			buildConfigurations = (
				8A2325B8222E30270055F1B6 /* Debug */,
				8A2325B9222E30270055F1B6 /* Release */,
			);
			defaultConfigurationIsVisible = 0;
			defaultConfigurationName = Release;
		};
		8A2325BA222E30270055F1B6 /* Build configuration list for PBXNativeTarget "AmusementParkPassGenerator" */ = {
			isa = XCConfigurationList;
			buildConfigurations = (
				8A2325BB222E30270055F1B6 /* Debug */,
				8A2325BC222E30270055F1B6 /* Release */,
			);
			defaultConfigurationIsVisible = 0;
			defaultConfigurationName = Release;
		};
/* End XCConfigurationList section */
	};
	rootObject = 8A2325A0222E30240055F1B6 /* Project object */;
}
